
Microsoft Visual Studio Solution File, Format Version 12.00
# Visual Studio Version 16
VisualStudioVersion = 16.0.33423.256
MinimumVisualStudioVersion = 10.0.40219.1
Project("{FAE04EC0-301F-11D3-BF4B-00C04F79EFBC}") = "MiniForum", "MiniForum\MiniForum.csproj", "{4BB2AA8D-ADFB-4C89-A324-E37692C4BEC2}"
EndProject
Project("{FAE04EC0-301F-11D3-BF4B-00C04F79EFBC}") = "Infrastructure", "Infrastructure\Infrastructure.csproj", "{D3C7A444-D7C9-4268-BC0E-AC400DB6B7A8}"
EndProject
Global
	GlobalSection(SolutionConfigurationPlatforms) = preSolution
		Debug|Any CPU = Debug|Any CPU
		Release|Any CPU = Release|Any CPU
	EndGlobalSection
	GlobalSection(ProjectConfigurationPlatforms) = postSolution
		{4BB2AA8D-ADFB-4C89-A324-E37692C4BEC2}.Debug|Any CPU.ActiveCfg = Debug|Any CPU
		{4BB2AA8D-ADFB-4C89-A324-E37692C4BEC2}.Debug|Any CPU.Build.0 = Debug|Any CPU
		{4BB2AA8D-ADFB-4C89-A324-E37692C4BEC2}.Release|Any CPU.ActiveCfg = Release|Any CPU
		{4BB2AA8D-ADFB-4C89-A324-E37692C4BEC2}.Release|Any CPU.Build.0 = Release|Any CPU
		{D3C7A444-D7C9-4268-BC0E-AC400DB6B7A8}.Debug|Any CPU.ActiveCfg = Debug|Any CPU
		{D3C7A444-D7C9-4268-BC0E-AC400DB6B7A8}.Debug|Any CPU.Build.0 = Debug|Any CPU
		{D3C7A444-D7C9-4268-BC0E-AC400DB6B7A8}.Release|Any CPU.ActiveCfg = Release|Any CPU
		{D3C7A444-D7C9-4268-BC0E-AC400DB6B7A8}.Release|Any CPU.Build.0 = Release|Any CPU
	EndGlobalSection
	GlobalSection(SolutionProperties) = preSolution
		HideSolutionNode = FALSE
	EndGlobalSection
	GlobalSection(ExtensibilityGlobals) = postSolution
		SolutionGuid = {806FD500-D67B-4AD9-849B-49AC6D9B085C}
	EndGlobalSection
EndGlobal
